
Microsoft Visual Studio Solution File, Format Version 12.00
# Visual Studio 15
VisualStudioVersion = 15.0.28307.421
MinimumVisualStudioVersion = 10.0.40219.1
Project("{FAE04EC0-301F-11D3-BF4B-00C04F79EFBC}") = "Singleton", "Singleton\Singleton.csproj", "{9975731B-6938-4366-B46D-9FCCDC203AF3}"
EndProject
Project("{FAE04EC0-301F-11D3-BF4B-00C04F79EFBC}") = "FactoryMethod", "FactoryMethod\FactoryMethod.csproj", "{017710E8-7DA1-4815-8A71-5FA0B5398CF7}"
EndProject
Project("{FAE04EC0-301F-11D3-BF4B-00C04F79EFBC}") = "AbstractFactory", "AbstractFactory\AbstractFactory.csproj", "{0008E575-7467-4634-B691-9C1EEED7E53F}"
EndProject
Project("{FAE04EC0-301F-11D3-BF4B-00C04F79EFBC}") = "Prototype Design", "Prototype Design\Prototype Design.csproj", "{8E696F46-47C0-454C-BB16-682B2A3179C5}"
EndProject
Project("{FAE04EC0-301F-11D3-BF4B-00C04F79EFBC}") = "BuilderDesign", "BuilderDesign\BuilderDesign.csproj", "{CF5704B4-5CC6-44AB-BC6A-B686DD53C1A5}"
EndProject
Project("{FAE04EC0-301F-11D3-BF4B-00C04F79EFBC}") = "FacadeDesign", "FacadeDesign\FacadeDesign.csproj", "{F414C5E4-8AF2-4887-AE91-6E06F6D790FC}"
EndProject
Project("{FAE04EC0-301F-11D3-BF4B-00C04F79EFBC}") = "Adapter", "Adapter\Adapter.csproj", "{7E53C883-8F23-49DC-A516-02D4B0257894}"
EndProject
Project("{FAE04EC0-301F-11D3-BF4B-00C04F79EFBC}") = "CompositeDesign", "CompositeDesign\CompositeDesign.csproj", "{68BAE227-F67B-4A89-8E65-B936EF89521D}"
EndProject
Project("{FAE04EC0-301F-11D3-BF4B-00C04F79EFBC}") = "ProxyDesign", "ProxyDesign\ProxyDesign.csproj", "{2A2B874E-BC86-4293-8150-8A5161A86512}"
EndProject
Project("{FAE04EC0-301F-11D3-BF4B-00C04F79EFBC}") = "DecaratorDesign", "DecaratorDesign\DecaratorDesign.csproj", "{6292D506-DE2B-4D7C-B918-791AEDB3C1B2}"
EndProject
Project("{FAE04EC0-301F-11D3-BF4B-00C04F79EFBC}") = "BridgeDesign", "BridgeDesign\BridgeDesign.csproj", "{F0262A64-EC65-4077-AABE-8DA73DF5CA3F}"
EndProject
Project("{FAE04EC0-301F-11D3-BF4B-00C04F79EFBC}") = "StrategyDesign", "StrategyDesign\StrategyDesign.csproj", "{17B3A4DD-F831-46AB-AF73-151420775037}"
EndProject
Project("{FAE04EC0-301F-11D3-BF4B-00C04F79EFBC}") = "ObserverDesign", "ObserverDesign\ObserverDesign.csproj", "{B1A64C40-A000-4134-9886-65BC40E8E880}"
EndProject
Project("{FAE04EC0-301F-11D3-BF4B-00C04F79EFBC}") = "ChainofResponsibility", "ChainofResponsibility\ChainofResponsibility.csproj", "{CE856C64-B979-4E41-AAAC-F37465EA3831}"
EndProject
Project("{FAE04EC0-301F-11D3-BF4B-00C04F79EFBC}") = "MementoDesign", "MementoDesign\MementoDesign.csproj", "{1305324F-F4FD-491F-B3AB-3839E10BDC6F}"
EndProject
Project("{FAE04EC0-301F-11D3-BF4B-00C04F79EFBC}") = "TemplateMethod", "TemplateMethod\TemplateMethod.csproj", "{66815B57-088D-4BE7-BD33-7B624D34C103}"
EndProject
Project("{FAE04EC0-301F-11D3-BF4B-00C04F79EFBC}") = "StateDesign", "StateDesign\StateDesign.csproj", "{D8960CBB-E9E6-4CF0-84F3-C3111EBCD2A6}"
EndProject
Project("{FAE04EC0-301F-11D3-BF4B-00C04F79EFBC}") = "MediatorDesign", "MediatorDesign\MediatorDesign.csproj", "{ADF2E3F2-DCD3-4C14-93E4-6974F626865D}"
EndProject
Project("{FAE04EC0-301F-11D3-BF4B-00C04F79EFBC}") = "CommandDesign", "CommandDesign\CommandDesign.csproj", "{BB5E2C1B-C46A-4788-9A1E-85A7A6EF090A}"
EndProject
Project("{FAE04EC0-301F-11D3-BF4B-00C04F79EFBC}") = "VisitorDesign", "VisitorDesign\VisitorDesign.csproj", "{33D0B6A9-AB8D-4E80-838F-A6AE455C7331}"
EndProject
Project("{FAE04EC0-301F-11D3-BF4B-00C04F79EFBC}") = "DependencyInjection", "DependencyInjection\DependencyInjection.csproj", "{37FCF809-81CE-4F2F-8A7F-6D4A898AB201}"
EndProject
Project("{FAE04EC0-301F-11D3-BF4B-00C04F79EFBC}") = "NullObject", "NullObject\NullObject.csproj", "{AD36E406-CC71-4136-BB9A-5BE903824C75}"
EndProject
Project("{FAE04EC0-301F-11D3-BF4B-00C04F79EFBC}") = "Multiton", "Multiton\Multiton.csproj", "{5A519377-262F-4BEE-9E47-F64B4A6963A0}"
EndProject
Global
	GlobalSection(SolutionConfigurationPlatforms) = preSolution
		Debug|Any CPU = Debug|Any CPU
		Release|Any CPU = Release|Any CPU
	EndGlobalSection
	GlobalSection(ProjectConfigurationPlatforms) = postSolution
		{9975731B-6938-4366-B46D-9FCCDC203AF3}.Debug|Any CPU.ActiveCfg = Debug|Any CPU
		{9975731B-6938-4366-B46D-9FCCDC203AF3}.Debug|Any CPU.Build.0 = Debug|Any CPU
		{9975731B-6938-4366-B46D-9FCCDC203AF3}.Release|Any CPU.ActiveCfg = Release|Any CPU
		{9975731B-6938-4366-B46D-9FCCDC203AF3}.Release|Any CPU.Build.0 = Release|Any CPU
		{017710E8-7DA1-4815-8A71-5FA0B5398CF7}.Debug|Any CPU.ActiveCfg = Debug|Any CPU
		{017710E8-7DA1-4815-8A71-5FA0B5398CF7}.Debug|Any CPU.Build.0 = Debug|Any CPU
		{017710E8-7DA1-4815-8A71-5FA0B5398CF7}.Release|Any CPU.ActiveCfg = Release|Any CPU
		{017710E8-7DA1-4815-8A71-5FA0B5398CF7}.Release|Any CPU.Build.0 = Release|Any CPU
		{0008E575-7467-4634-B691-9C1EEED7E53F}.Debug|Any CPU.ActiveCfg = Debug|Any CPU
		{0008E575-7467-4634-B691-9C1EEED7E53F}.Debug|Any CPU.Build.0 = Debug|Any CPU
		{0008E575-7467-4634-B691-9C1EEED7E53F}.Release|Any CPU.ActiveCfg = Release|Any CPU
		{0008E575-7467-4634-B691-9C1EEED7E53F}.Release|Any CPU.Build.0 = Release|Any CPU
		{8E696F46-47C0-454C-BB16-682B2A3179C5}.Debug|Any CPU.ActiveCfg = Debug|Any CPU
		{8E696F46-47C0-454C-BB16-682B2A3179C5}.Debug|Any CPU.Build.0 = Debug|Any CPU
		{8E696F46-47C0-454C-BB16-682B2A3179C5}.Release|Any CPU.ActiveCfg = Release|Any CPU
		{8E696F46-47C0-454C-BB16-682B2A3179C5}.Release|Any CPU.Build.0 = Release|Any CPU
		{CF5704B4-5CC6-44AB-BC6A-B686DD53C1A5}.Debug|Any CPU.ActiveCfg = Debug|Any CPU
		{CF5704B4-5CC6-44AB-BC6A-B686DD53C1A5}.Debug|Any CPU.Build.0 = Debug|Any CPU
		{CF5704B4-5CC6-44AB-BC6A-B686DD53C1A5}.Release|Any CPU.ActiveCfg = Release|Any CPU
		{CF5704B4-5CC6-44AB-BC6A-B686DD53C1A5}.Release|Any CPU.Build.0 = Release|Any CPU
		{F414C5E4-8AF2-4887-AE91-6E06F6D790FC}.Debug|Any CPU.ActiveCfg = Debug|Any CPU
		{F414C5E4-8AF2-4887-AE91-6E06F6D790FC}.Debug|Any CPU.Build.0 = Debug|Any CPU
		{F414C5E4-8AF2-4887-AE91-6E06F6D790FC}.Release|Any CPU.ActiveCfg = Release|Any CPU
		{F414C5E4-8AF2-4887-AE91-6E06F6D790FC}.Release|Any CPU.Build.0 = Release|Any CPU
		{7E53C883-8F23-49DC-A516-02D4B0257894}.Debug|Any CPU.ActiveCfg = Debug|Any CPU
		{7E53C883-8F23-49DC-A516-02D4B0257894}.Debug|Any CPU.Build.0 = Debug|Any CPU
		{7E53C883-8F23-49DC-A516-02D4B0257894}.Release|Any CPU.ActiveCfg = Release|Any CPU
		{7E53C883-8F23-49DC-A516-02D4B0257894}.Release|Any CPU.Build.0 = Release|Any CPU
		{68BAE227-F67B-4A89-8E65-B936EF89521D}.Debug|Any CPU.ActiveCfg = Debug|Any CPU
		{68BAE227-F67B-4A89-8E65-B936EF89521D}.Debug|Any CPU.Build.0 = Debug|Any CPU
		{68BAE227-F67B-4A89-8E65-B936EF89521D}.Release|Any CPU.ActiveCfg = Release|Any CPU
		{68BAE227-F67B-4A89-8E65-B936EF89521D}.Release|Any CPU.Build.0 = Release|Any CPU
		{2A2B874E-BC86-4293-8150-8A5161A86512}.Debug|Any CPU.ActiveCfg = Debug|Any CPU
		{2A2B874E-BC86-4293-8150-8A5161A86512}.Debug|Any CPU.Build.0 = Debug|Any CPU
		{2A2B874E-BC86-4293-8150-8A5161A86512}.Release|Any CPU.ActiveCfg = Release|Any CPU
		{2A2B874E-BC86-4293-8150-8A5161A86512}.Release|Any CPU.Build.0 = Release|Any CPU
		{6292D506-DE2B-4D7C-B918-791AEDB3C1B2}.Debug|Any CPU.ActiveCfg = Debug|Any CPU
		{6292D506-DE2B-4D7C-B918-791AEDB3C1B2}.Debug|Any CPU.Build.0 = Debug|Any CPU
		{6292D506-DE2B-4D7C-B918-791AEDB3C1B2}.Release|Any CPU.ActiveCfg = Release|Any CPU
		{6292D506-DE2B-4D7C-B918-791AEDB3C1B2}.Release|Any CPU.Build.0 = Release|Any CPU
		{F0262A64-EC65-4077-AABE-8DA73DF5CA3F}.Debug|Any CPU.ActiveCfg = Debug|Any CPU
		{F0262A64-EC65-4077-AABE-8DA73DF5CA3F}.Debug|Any CPU.Build.0 = Debug|Any CPU
		{F0262A64-EC65-4077-AABE-8DA73DF5CA3F}.Release|Any CPU.ActiveCfg = Release|Any CPU
		{F0262A64-EC65-4077-AABE-8DA73DF5CA3F}.Release|Any CPU.Build.0 = Release|Any CPU
		{17B3A4DD-F831-46AB-AF73-151420775037}.Debug|Any CPU.ActiveCfg = Debug|Any CPU
		{17B3A4DD-F831-46AB-AF73-151420775037}.Debug|Any CPU.Build.0 = Debug|Any CPU
		{17B3A4DD-F831-46AB-AF73-151420775037}.Release|Any CPU.ActiveCfg = Release|Any CPU
		{17B3A4DD-F831-46AB-AF73-151420775037}.Release|Any CPU.Build.0 = Release|Any CPU
		{B1A64C40-A000-4134-9886-65BC40E8E880}.Debug|Any CPU.ActiveCfg = Debug|Any CPU
		{B1A64C40-A000-4134-9886-65BC40E8E880}.Debug|Any CPU.Build.0 = Debug|Any CPU
		{B1A64C40-A000-4134-9886-65BC40E8E880}.Release|Any CPU.ActiveCfg = Release|Any CPU
		{B1A64C40-A000-4134-9886-65BC40E8E880}.Release|Any CPU.Build.0 = Release|Any CPU
		{CE856C64-B979-4E41-AAAC-F37465EA3831}.Debug|Any CPU.ActiveCfg = Debug|Any CPU
		{CE856C64-B979-4E41-AAAC-F37465EA3831}.Debug|Any CPU.Build.0 = Debug|Any CPU
		{CE856C64-B979-4E41-AAAC-F37465EA3831}.Release|Any CPU.ActiveCfg = Release|Any CPU
		{CE856C64-B979-4E41-AAAC-F37465EA3831}.Release|Any CPU.Build.0 = Release|Any CPU
		{1305324F-F4FD-491F-B3AB-3839E10BDC6F}.Debug|Any CPU.ActiveCfg = Debug|Any CPU
		{1305324F-F4FD-491F-B3AB-3839E10BDC6F}.Debug|Any CPU.Build.0 = Debug|Any CPU
		{1305324F-F4FD-491F-B3AB-3839E10BDC6F}.Release|Any CPU.ActiveCfg = Release|Any CPU
		{1305324F-F4FD-491F-B3AB-3839E10BDC6F}.Release|Any CPU.Build.0 = Release|Any CPU
		{66815B57-088D-4BE7-BD33-7B624D34C103}.Debug|Any CPU.ActiveCfg = Debug|Any CPU
		{66815B57-088D-4BE7-BD33-7B624D34C103}.Debug|Any CPU.Build.0 = Debug|Any CPU
		{66815B57-088D-4BE7-BD33-7B624D34C103}.Release|Any CPU.ActiveCfg = Release|Any CPU
		{66815B57-088D-4BE7-BD33-7B624D34C103}.Release|Any CPU.Build.0 = Release|Any CPU
		{D8960CBB-E9E6-4CF0-84F3-C3111EBCD2A6}.Debug|Any CPU.ActiveCfg = Debug|Any CPU
		{D8960CBB-E9E6-4CF0-84F3-C3111EBCD2A6}.Debug|Any CPU.Build.0 = Debug|Any CPU
		{D8960CBB-E9E6-4CF0-84F3-C3111EBCD2A6}.Release|Any CPU.ActiveCfg = Release|Any CPU
		{D8960CBB-E9E6-4CF0-84F3-C3111EBCD2A6}.Release|Any CPU.Build.0 = Release|Any CPU
		{ADF2E3F2-DCD3-4C14-93E4-6974F626865D}.Debug|Any CPU.ActiveCfg = Debug|Any CPU
		{ADF2E3F2-DCD3-4C14-93E4-6974F626865D}.Debug|Any CPU.Build.0 = Debug|Any CPU
		{ADF2E3F2-DCD3-4C14-93E4-6974F626865D}.Release|Any CPU.ActiveCfg = Release|Any CPU
		{ADF2E3F2-DCD3-4C14-93E4-6974F626865D}.Release|Any CPU.Build.0 = Release|Any CPU
		{BB5E2C1B-C46A-4788-9A1E-85A7A6EF090A}.Debug|Any CPU.ActiveCfg = Debug|Any CPU
		{BB5E2C1B-C46A-4788-9A1E-85A7A6EF090A}.Debug|Any CPU.Build.0 = Debug|Any CPU
		{BB5E2C1B-C46A-4788-9A1E-85A7A6EF090A}.Release|Any CPU.ActiveCfg = Release|Any CPU
		{BB5E2C1B-C46A-4788-9A1E-85A7A6EF090A}.Release|Any CPU.Build.0 = Release|Any CPU
		{33D0B6A9-AB8D-4E80-838F-A6AE455C7331}.Debug|Any CPU.ActiveCfg = Debug|Any CPU
		{33D0B6A9-AB8D-4E80-838F-A6AE455C7331}.Debug|Any CPU.Build.0 = Debug|Any CPU
		{33D0B6A9-AB8D-4E80-838F-A6AE455C7331}.Release|Any CPU.ActiveCfg = Release|Any CPU
		{33D0B6A9-AB8D-4E80-838F-A6AE455C7331}.Release|Any CPU.Build.0 = Release|Any CPU
		{37FCF809-81CE-4F2F-8A7F-6D4A898AB201}.Debug|Any CPU.ActiveCfg = Debug|Any CPU
		{37FCF809-81CE-4F2F-8A7F-6D4A898AB201}.Debug|Any CPU.Build.0 = Debug|Any CPU
		{37FCF809-81CE-4F2F-8A7F-6D4A898AB201}.Release|Any CPU.ActiveCfg = Release|Any CPU
		{37FCF809-81CE-4F2F-8A7F-6D4A898AB201}.Release|Any CPU.Build.0 = Release|Any CPU
		{AD36E406-CC71-4136-BB9A-5BE903824C75}.Debug|Any CPU.ActiveCfg = Debug|Any CPU
		{AD36E406-CC71-4136-BB9A-5BE903824C75}.Debug|Any CPU.Build.0 = Debug|Any CPU
		{AD36E406-CC71-4136-BB9A-5BE903824C75}.Release|Any CPU.ActiveCfg = Release|Any CPU
		{AD36E406-CC71-4136-BB9A-5BE903824C75}.Release|Any CPU.Build.0 = Release|Any CPU
		{5A519377-262F-4BEE-9E47-F64B4A6963A0}.Debug|Any CPU.ActiveCfg = Debug|Any CPU
		{5A519377-262F-4BEE-9E47-F64B4A6963A0}.Debug|Any CPU.Build.0 = Debug|Any CPU
		{5A519377-262F-4BEE-9E47-F64B4A6963A0}.Release|Any CPU.ActiveCfg = Release|Any CPU
		{5A519377-262F-4BEE-9E47-F64B4A6963A0}.Release|Any CPU.Build.0 = Release|Any CPU
	EndGlobalSection
	GlobalSection(SolutionProperties) = preSolution
		HideSolutionNode = FALSE
	EndGlobalSection
	GlobalSection(ExtensibilityGlobals) = postSolution
		SolutionGuid = {1FEC7DE8-BBBD-43E6-B6D4-AB0838CF14F3}
	EndGlobalSection
EndGlobal
