
Microsoft Visual Studio Solution File, Format Version 12.00
# Visual Studio 15
VisualStudioVersion = 15.0.28307.421
MinimumVisualStudioVersion = 10.0.40219.1
Project("{FAE04EC0-301F-11D3-BF4B-00C04F79EFBC}") = "Singleton", "Singleton\Singleton.csproj", "{9975731B-6938-4366-B46D-9FCCDC203AF3}"
EndProject
Project("{FAE04EC0-301F-11D3-BF4B-00C04F79EFBC}") = "FactoryMethod", "FactoryMethod\FactoryMethod.csproj", "{017710E8-7DA1-4815-8A71-5FA0B5398CF7}"
EndProject
Project("{FAE04EC0-301F-11D3-BF4B-00C04F79EFBC}") = "AbstractFactory", "AbstractFactory\AbstractFactory.csproj", "{0008E575-7467-4634-B691-9C1EEED7E53F}"
EndProject
Project("{FAE04EC0-301F-11D3-BF4B-00C04F79EFBC}") = "Prototype Design", "Prototype Design\Prototype Design.csproj", "{8E696F46-47C0-454C-BB16-682B2A3179C5}"
EndProject
Project("{FAE04EC0-301F-11D3-BF4B-00C04F79EFBC}") = "BuilderDesign", "BuilderDesign\BuilderDesign.csproj", "{CF5704B4-5CC6-44AB-BC6A-B686DD53C1A5}"
EndProject
Project("{FAE04EC0-301F-11D3-BF4B-00C04F79EFBC}") = "FacadeDesign", "FacadeDesign\FacadeDesign.csproj", "{F414C5E4-8AF2-4887-AE91-6E06F6D790FC}"
EndProject
Project("{FAE04EC0-301F-11D3-BF4B-00C04F79EFBC}") = "Adapter", "Adapter\Adapter.csproj", "{7E53C883-8F23-49DC-A516-02D4B0257894}"
EndProject
Project("{FAE04EC0-301F-11D3-BF4B-00C04F79EFBC}") = "CompositeDesign", "CompositeDesign\CompositeDesign.csproj", "{68BAE227-F67B-4A89-8E65-B936EF89521D}"
EndProject
Global
	GlobalSection(SolutionConfigurationPlatforms) = preSolution
		Debug|Any CPU = Debug|Any CPU
		Release|Any CPU = Release|Any CPU
	EndGlobalSection
	GlobalSection(ProjectConfigurationPlatforms) = postSolution
		{9975731B-6938-4366-B46D-9FCCDC203AF3}.Debug|Any CPU.ActiveCfg = Debug|Any CPU
		{9975731B-6938-4366-B46D-9FCCDC203AF3}.Debug|Any CPU.Build.0 = Debug|Any CPU
		{9975731B-6938-4366-B46D-9FCCDC203AF3}.Release|Any CPU.ActiveCfg = Release|Any CPU
		{9975731B-6938-4366-B46D-9FCCDC203AF3}.Release|Any CPU.Build.0 = Release|Any CPU
		{017710E8-7DA1-4815-8A71-5FA0B5398CF7}.Debug|Any CPU.ActiveCfg = Debug|Any CPU
		{017710E8-7DA1-4815-8A71-5FA0B5398CF7}.Debug|Any CPU.Build.0 = Debug|Any CPU
		{017710E8-7DA1-4815-8A71-5FA0B5398CF7}.Release|Any CPU.ActiveCfg = Release|Any CPU
		{017710E8-7DA1-4815-8A71-5FA0B5398CF7}.Release|Any CPU.Build.0 = Release|Any CPU
		{0008E575-7467-4634-B691-9C1EEED7E53F}.Debug|Any CPU.ActiveCfg = Debug|Any CPU
		{0008E575-7467-4634-B691-9C1EEED7E53F}.Debug|Any CPU.Build.0 = Debug|Any CPU
		{0008E575-7467-4634-B691-9C1EEED7E53F}.Release|Any CPU.ActiveCfg = Release|Any CPU
		{0008E575-7467-4634-B691-9C1EEED7E53F}.Release|Any CPU.Build.0 = Release|Any CPU
		{8E696F46-47C0-454C-BB16-682B2A3179C5}.Debug|Any CPU.ActiveCfg = Debug|Any CPU
		{8E696F46-47C0-454C-BB16-682B2A3179C5}.Debug|Any CPU.Build.0 = Debug|Any CPU
		{8E696F46-47C0-454C-BB16-682B2A3179C5}.Release|Any CPU.ActiveCfg = Release|Any CPU
		{8E696F46-47C0-454C-BB16-682B2A3179C5}.Release|Any CPU.Build.0 = Release|Any CPU
		{CF5704B4-5CC6-44AB-BC6A-B686DD53C1A5}.Debug|Any CPU.ActiveCfg = Debug|Any CPU
		{CF5704B4-5CC6-44AB-BC6A-B686DD53C1A5}.Debug|Any CPU.Build.0 = Debug|Any CPU
		{CF5704B4-5CC6-44AB-BC6A-B686DD53C1A5}.Release|Any CPU.ActiveCfg = Release|Any CPU
		{CF5704B4-5CC6-44AB-BC6A-B686DD53C1A5}.Release|Any CPU.Build.0 = Release|Any CPU
		{F414C5E4-8AF2-4887-AE91-6E06F6D790FC}.Debug|Any CPU.ActiveCfg = Debug|Any CPU
		{F414C5E4-8AF2-4887-AE91-6E06F6D790FC}.Debug|Any CPU.Build.0 = Debug|Any CPU
		{F414C5E4-8AF2-4887-AE91-6E06F6D790FC}.Release|Any CPU.ActiveCfg = Release|Any CPU
		{F414C5E4-8AF2-4887-AE91-6E06F6D790FC}.Release|Any CPU.Build.0 = Release|Any CPU
		{7E53C883-8F23-49DC-A516-02D4B0257894}.Debug|Any CPU.ActiveCfg = Debug|Any CPU
		{7E53C883-8F23-49DC-A516-02D4B0257894}.Debug|Any CPU.Build.0 = Debug|Any CPU
		{7E53C883-8F23-49DC-A516-02D4B0257894}.Release|Any CPU.ActiveCfg = Release|Any CPU
		{7E53C883-8F23-49DC-A516-02D4B0257894}.Release|Any CPU.Build.0 = Release|Any CPU
		{68BAE227-F67B-4A89-8E65-B936EF89521D}.Debug|Any CPU.ActiveCfg = Debug|Any CPU
		{68BAE227-F67B-4A89-8E65-B936EF89521D}.Debug|Any CPU.Build.0 = Debug|Any CPU
		{68BAE227-F67B-4A89-8E65-B936EF89521D}.Release|Any CPU.ActiveCfg = Release|Any CPU
		{68BAE227-F67B-4A89-8E65-B936EF89521D}.Release|Any CPU.Build.0 = Release|Any CPU
	EndGlobalSection
	GlobalSection(SolutionProperties) = preSolution
		HideSolutionNode = FALSE
	EndGlobalSection
	GlobalSection(ExtensibilityGlobals) = postSolution
		SolutionGuid = {1FEC7DE8-BBBD-43E6-B6D4-AB0838CF14F3}
	EndGlobalSection
EndGlobal
